
Microsoft Visual Studio Solution File, Format Version 12.00
# Visual Studio Version 17
VisualStudioVersion = 17.3.32811.315
MinimumVisualStudioVersion = 10.0.40219.1
Project("{FAE04EC0-301F-11D3-BF4B-00C04F79EFBC}") = "GiaiThua", "GiaiThua\GiaiThua.csproj", "{BFE42A94-EAD7-483B-9800-634C32BF029A}"
EndProject
Global
	GlobalSection(SolutionConfigurationPlatforms) = preSolution
		Debug|Any CPU = Debug|Any CPU
		Release|Any CPU = Release|Any CPU
	EndGlobalSection
	GlobalSection(ProjectConfigurationPlatforms) = postSolution
		{BFE42A94-EAD7-483B-9800-634C32BF029A}.Debug|Any CPU.ActiveCfg = Debug|Any CPU
		{BFE42A94-EAD7-483B-9800-634C32BF029A}.Debug|Any CPU.Build.0 = Debug|Any CPU
		{BFE42A94-EAD7-483B-9800-634C32BF029A}.Release|Any CPU.ActiveCfg = Release|Any CPU
		{BFE42A94-EAD7-483B-9800-634C32BF029A}.Release|Any CPU.Build.0 = Release|Any CPU
	EndGlobalSection
	GlobalSection(SolutionProperties) = preSolution
		HideSolutionNode = FALSE
	EndGlobalSection
	GlobalSection(ExtensibilityGlobals) = postSolution
		SolutionGuid = {B86E2717-A574-4BEB-BAE8-6231F38A3148}
	EndGlobalSection
EndGlobal
